
Microsoft Visual Studio Solution File, Format Version 12.00
# Visual Studio 15
VisualStudioVersion = 15.0.27130.2020
MinimumVisualStudioVersion = 10.0.40219.1
Project("{888888A0-9F3D-457C-B088-3A5042F75D52}") = "WeChatJumpGame", "WeChatJumpGame\WeChatJumpGame.pyproj", "{00362C37-3728-49D9-BE39-4F45E3D3C9B4}"
EndProject
Global
	GlobalSection(SolutionConfigurationPlatforms) = preSolution
		Debug|Any CPU = Debug|Any CPU
		Release|Any CPU = Release|Any CPU
	EndGlobalSection
	GlobalSection(ProjectConfigurationPlatforms) = postSolution
		{00362C37-3728-49D9-BE39-4F45E3D3C9B4}.Debug|Any CPU.ActiveCfg = Debug|Any CPU
		{00362C37-3728-49D9-BE39-4F45E3D3C9B4}.Release|Any CPU.ActiveCfg = Release|Any CPU
	EndGlobalSection
	GlobalSection(SolutionProperties) = preSolution
		HideSolutionNode = FALSE
	EndGlobalSection
	GlobalSection(ExtensibilityGlobals) = postSolution
		SolutionGuid = {8866DF51-6443-4DEA-B401-333C6C55BF9C}
	EndGlobalSection
EndGlobal
